Microsoft Visual Studio Solution File, Format Version 11.00
# Visual Studio 2008

Project("{D55B3060-7C2A-9A26-1634-7D6EDB789F6B}") = "Last", "Assembly-CSharp.csproj", "{88FD9C8C-A6FD-839E-21D5-766969C16C2A}"
EndProject
Global
	GlobalSection(SolutionConfigurationPlatforms) = preSolution
		Debug|Any CPU = Debug|Any CPU
		Release|Any CPU = Release|Any CPU
	EndGlobalSection
	GlobalSection(ProjectConfigurationPlatforms) = postSolution
		{88FD9C8C-A6FD-839E-21D5-766969C16C2A}.Debug|Any CPU.ActiveCfg = Debug|Any CPU
		{88FD9C8C-A6FD-839E-21D5-766969C16C2A}.Debug|Any CPU.Build.0 = Debug|Any CPU
		{88FD9C8C-A6FD-839E-21D5-766969C16C2A}.Release|Any CPU.ActiveCfg = Release|Any CPU
		{88FD9C8C-A6FD-839E-21D5-766969C16C2A}.Release|Any CPU.Build.0 = Release|Any CPU
	EndGlobalSection
	GlobalSection(SolutionProperties) = preSolution
		HideSolutionNode = FALSE
	EndGlobalSection
	GlobalSection(MonoDevelopProperties) = preSolution
		StartupItem = Assembly-CSharp.csproj
	EndGlobalSection
EndGlobal
