Microsoft Visual Studio Solution File, Format Version 11.00
# Visual Studio 2008

Project("{AAD08FF5-A722-533D-1EC7-5E238E3D0399}") = "LastTeamProject", "Assembly-CSharp.csproj", "{F064D7DE-49DC-3D11-13A3-D1A488A85247}"
EndProject
Global
	GlobalSection(SolutionConfigurationPlatforms) = preSolution
		Debug|Any CPU = Debug|Any CPU
		Release|Any CPU = Release|Any CPU
	EndGlobalSection
	GlobalSection(ProjectConfigurationPlatforms) = postSolution
		{F064D7DE-49DC-3D11-13A3-D1A488A85247}.Debug|Any CPU.ActiveCfg = Debug|Any CPU
		{F064D7DE-49DC-3D11-13A3-D1A488A85247}.Debug|Any CPU.Build.0 = Debug|Any CPU
		{F064D7DE-49DC-3D11-13A3-D1A488A85247}.Release|Any CPU.ActiveCfg = Release|Any CPU
		{F064D7DE-49DC-3D11-13A3-D1A488A85247}.Release|Any CPU.Build.0 = Release|Any CPU
	EndGlobalSection
	GlobalSection(SolutionProperties) = preSolution
		HideSolutionNode = FALSE
	EndGlobalSection
	GlobalSection(MonoDevelopProperties) = preSolution
		StartupItem = Assembly-CSharp.csproj
	EndGlobalSection
EndGlobal
