Microsoft Visual Studio Solution File, Format Version 11.00
# Visual Studio 2008

Project("{71E69BBF-2C20-0CEA-FD3A-380BB88BC685}") = "LongTimeNoSee", "Assembly-CSharp.csproj", "{B968E668-420D-0D7C-5109-2DDD6954C391}"
EndProject
Global
	GlobalSection(SolutionConfigurationPlatforms) = preSolution
		Debug|Any CPU = Debug|Any CPU
		Release|Any CPU = Release|Any CPU
	EndGlobalSection
	GlobalSection(ProjectConfigurationPlatforms) = postSolution
		{B968E668-420D-0D7C-5109-2DDD6954C391}.Debug|Any CPU.ActiveCfg = Debug|Any CPU
		{B968E668-420D-0D7C-5109-2DDD6954C391}.Debug|Any CPU.Build.0 = Debug|Any CPU
		{B968E668-420D-0D7C-5109-2DDD6954C391}.Release|Any CPU.ActiveCfg = Release|Any CPU
		{B968E668-420D-0D7C-5109-2DDD6954C391}.Release|Any CPU.Build.0 = Release|Any CPU
	EndGlobalSection
	GlobalSection(SolutionProperties) = preSolution
		HideSolutionNode = FALSE
	EndGlobalSection
	GlobalSection(MonoDevelopProperties) = preSolution
		StartupItem = Assembly-CSharp.csproj
	EndGlobalSection
EndGlobal
